
Microsoft Visual Studio Solution File, Format Version 12.00
# Visual Studio Version 17
VisualStudioVersion = 17.1.32228.430
MinimumVisualStudioVersion = 10.0.40219.1
Project("{F184B08F-C81C-45F6-A57F-5ABD9991F28F}") = "SCAP LMBA Tech", "SCAP LMBA Tech.vbproj", "{0FFEB703-6A89-4F13-BF68-B9F2313D573F}"
EndProject
Global
	GlobalSection(SolutionConfigurationPlatforms) = preSolution
		Debug|Any CPU = Debug|Any CPU
		Release|Any CPU = Release|Any CPU
	EndGlobalSection
	GlobalSection(ProjectConfigurationPlatforms) = postSolution
		{0FFEB703-6A89-4F13-BF68-B9F2313D573F}.Debug|Any CPU.ActiveCfg = Debug|Any CPU
		{0FFEB703-6A89-4F13-BF68-B9F2313D573F}.Debug|Any CPU.Build.0 = Debug|Any CPU
		{0FFEB703-6A89-4F13-BF68-B9F2313D573F}.Release|Any CPU.ActiveCfg = Release|Any CPU
		{0FFEB703-6A89-4F13-BF68-B9F2313D573F}.Release|Any CPU.Build.0 = Release|Any CPU
	EndGlobalSection
	GlobalSection(SolutionProperties) = preSolution
		HideSolutionNode = FALSE
	EndGlobalSection
	GlobalSection(ExtensibilityGlobals) = postSolution
		SolutionGuid = {2DA987E0-A59D-4E20-BE76-12513D93DBDF}
	EndGlobalSection
EndGlobal
